github.com/computes/go-debug v0.0.0-20180103152413-7cb67a40409f/go.mod h1:x3OFURYnD24wGvTGhx9fhJLsCkZwOAKtv60WySwAtB0=
github.com/computes/go-debug v1.0.0 h1:5F8KRs4VhdxymYWbWpu9F0c5h28MkTT7CMpknZZiqYg=
github.com/computes/go-debug v1.0.0/go.mod h1:x3OFURYnD24wGvTGhx9fhJLsCkZwOAKtv60WySwAtB0=
github.com/computes/go-test-server v1.2.2/go.mod h1:Jwxjd/K8qWAwYYTAajlePOd9zKF9KcufVRfzBvC/Luk=
github.com/pkg/errors v0.8.0 h1:WdK/asTD0HN+q6hsWO3/vpuAkAr+tw6aNJNDFFf0+qw=
github.com/pkg/errors v0.8.0/go.mod h1:bwawxfHBFNV+L2hUp1rHADufV3IMtnDRdf1r5NINEl0=
